PODS:
  - Flutter (1.0.0)
  - google_places_ios (1.0.0):
    - Flutter
    - GooglePlaces (~> 6.2.1)
  - GooglePlaces (6.2.1)

DEPENDENCIES:
  - Flutter (from `Flutter`)
  - google_places_ios (from `.symlinks/plugins/google_places_ios/ios`)

SPEC REPOS:
  trunk:
    - GooglePlaces

EXTERNAL SOURCES:
  Flutter:
    :path: Flutter
  google_places_ios:
    :path: ".symlinks/plugins/google_places_ios/ios"

SPEC CHECKSUMS:
  Flutter: e0871f40cf51350855a761d2e70bf5af5b9b5de7
  google_places_ios: cb4a859139729e80cff2f77280e5c85a4a31e119
  GooglePlaces: 94974aa119573d5acc2a35a699948dac838abd73

PODFILE CHECKSUM: 4e8f8b2be68aeea4c0d5beb6ff1e79fface1d048

COCOAPODS: 1.16.2
