PODS:
  - Flutter (1.0.0)
  - google_places_ios (0.0.1):
    - Flutter
    - GooglePlaces (~> 5.1.0)
  - GooglePlaces (5.1.0)
  - integration_test (0.0.1):
    - Flutter

DEPENDENCIES:
  - Flutter (from `Flutter`)
  - google_places_ios (from `.symlinks/plugins/google_places_ios/ios`)
  - integration_test (from `.symlinks/plugins/integration_test/ios`)

SPEC REPOS:
  trunk:
    - GooglePlaces

EXTERNAL SOURCES:
  Flutter:
    :path: Flutter
  google_places_ios:
    :path: ".symlinks/plugins/google_places_ios/ios"
  integration_test:
    :path: ".symlinks/plugins/integration_test/ios"

SPEC CHECKSUMS:
  Flutter: f04841e97a9d0b0a8025694d0796dd46242b2854
  google_places_ios: 264f7df70904ef1fc448a6e3b089544b4bd51d46
  GooglePlaces: c57cd5aa7e91d10fa5106c792de74f3bd6436260
  integration_test: 13825b8a9334a850581300559b8839134b124670

PODFILE CHECKSUM: 70d9d25280d0dd177a5f637cdb0f0b0b12c6a189

COCOAPODS: 1.12.1
